
Microsoft Visual Studio Solution File, Format Version 12.00
# Visual Studio 2015
Project("{FAE04EC0-301F-11D3-BF4B-00C04F79EFBC}") = "Collision.Plugins", "Collision.Plugins.csproj", "{725F0583-E592-E175-3C1A-04076F889EAF}"
EndProject
Project("{FAE04EC0-301F-11D3-BF4B-00C04F79EFBC}") = "Collision", "Collision.csproj", "{561EB96F-CD0B-8E8E-52DE-7E74694E4588}"
EndProject
Project("{FAE04EC0-301F-11D3-BF4B-00C04F79EFBC}") = "Collision.Editor.Plugins", "Collision.Editor.Plugins.csproj", "{44C3A736-E76C-4033-2526-EDB033BAE633}"
EndProject
Global
	GlobalSection(SolutionConfigurationPlatforms) = preSolution
		Debug|Any CPU = Debug|Any CPU
		Release|Any CPU = Release|Any CPU
	EndGlobalSection
	GlobalSection(ProjectConfigurationPlatforms) = postSolution
		{725F0583-E592-E175-3C1A-04076F889EAF}.Debug|Any CPU.ActiveCfg = Debug|Any CPU
		{725F0583-E592-E175-3C1A-04076F889EAF}.Debug|Any CPU.Build.0 = Debug|Any CPU
		{725F0583-E592-E175-3C1A-04076F889EAF}.Release|Any CPU.ActiveCfg = Release|Any CPU
		{725F0583-E592-E175-3C1A-04076F889EAF}.Release|Any CPU.Build.0 = Release|Any CPU
		{561EB96F-CD0B-8E8E-52DE-7E74694E4588}.Debug|Any CPU.ActiveCfg = Debug|Any CPU
		{561EB96F-CD0B-8E8E-52DE-7E74694E4588}.Debug|Any CPU.Build.0 = Debug|Any CPU
		{561EB96F-CD0B-8E8E-52DE-7E74694E4588}.Release|Any CPU.ActiveCfg = Release|Any CPU
		{561EB96F-CD0B-8E8E-52DE-7E74694E4588}.Release|Any CPU.Build.0 = Release|Any CPU
		{44C3A736-E76C-4033-2526-EDB033BAE633}.Debug|Any CPU.ActiveCfg = Debug|Any CPU
		{44C3A736-E76C-4033-2526-EDB033BAE633}.Debug|Any CPU.Build.0 = Debug|Any CPU
		{44C3A736-E76C-4033-2526-EDB033BAE633}.Release|Any CPU.ActiveCfg = Release|Any CPU
		{44C3A736-E76C-4033-2526-EDB033BAE633}.Release|Any CPU.Build.0 = Release|Any CPU
	EndGlobalSection
	GlobalSection(SolutionProperties) = preSolution
		HideSolutionNode = FALSE
	EndGlobalSection
EndGlobal
